
Microsoft Visual Studio Solution File, Format Version 12.00
# Visual Studio Version 16
VisualStudioVersion = 16.0.31911.196
MinimumVisualStudioVersion = 10.0.40219.1
Project("{FAE04EC0-301F-11D3-BF4B-00C04F79EFBC}") = "Newsparers", "Newsparers\Newsparers.csproj", "{FEEC49EE-2EB4-4374-BB3E-1C05CDE54D64}"
EndProject
Global
	GlobalSection(SolutionConfigurationPlatforms) = preSolution
		Debug|Any CPU = Debug|Any CPU
		Release|Any CPU = Release|Any CPU
	EndGlobalSection
	GlobalSection(ProjectConfigurationPlatforms) = postSolution
		{FEEC49EE-2EB4-4374-BB3E-1C05CDE54D64}.Debug|Any CPU.ActiveCfg = Debug|Any CPU
		{FEEC49EE-2EB4-4374-BB3E-1C05CDE54D64}.Debug|Any CPU.Build.0 = Debug|Any CPU
		{FEEC49EE-2EB4-4374-BB3E-1C05CDE54D64}.Release|Any CPU.ActiveCfg = Release|Any CPU
		{FEEC49EE-2EB4-4374-BB3E-1C05CDE54D64}.Release|Any CPU.Build.0 = Release|Any CPU
	EndGlobalSection
	GlobalSection(SolutionProperties) = preSolution
		HideSolutionNode = FALSE
	EndGlobalSection
	GlobalSection(ExtensibilityGlobals) = postSolution
		SolutionGuid = {34D1F58B-B658-4704-AA80-EE57D7E2790A}
	EndGlobalSection
EndGlobal
